
Microsoft Visual Studio Solution File, Format Version 12.00
# Visual Studio Version 16
VisualStudioVersion = 16.0.32602.290
MinimumVisualStudioVersion = 10.0.40219.1
Project("{FAE04EC0-301F-11D3-BF4B-00C04F79EFBC}") = "UD2-ej7", "UD2-ej7.csproj", "{DBF15EA3-D71F-46C0-83F6-8A5C71DA36E5}"
EndProject
Global
	GlobalSection(SolutionConfigurationPlatforms) = preSolution
		Debug|Any CPU = Debug|Any CPU
		Release|Any CPU = Release|Any CPU
	EndGlobalSection
	GlobalSection(ProjectConfigurationPlatforms) = postSolution
		{DBF15EA3-D71F-46C0-83F6-8A5C71DA36E5}.Debug|Any CPU.ActiveCfg = Debug|Any CPU
		{DBF15EA3-D71F-46C0-83F6-8A5C71DA36E5}.Debug|Any CPU.Build.0 = Debug|Any CPU
		{DBF15EA3-D71F-46C0-83F6-8A5C71DA36E5}.Release|Any CPU.ActiveCfg = Release|Any CPU
		{DBF15EA3-D71F-46C0-83F6-8A5C71DA36E5}.Release|Any CPU.Build.0 = Release|Any CPU
	EndGlobalSection
	GlobalSection(SolutionProperties) = preSolution
		HideSolutionNode = FALSE
	EndGlobalSection
	GlobalSection(ExtensibilityGlobals) = postSolution
		SolutionGuid = {61A406A5-F3B1-47E7-90DA-643C5871D265}
	EndGlobalSection
EndGlobal
